
Microsoft Visual Studio Solution File, Format Version 12.00
# Visual Studio Version 17
VisualStudioVersion = 17.7.34024.191
MinimumVisualStudioVersion = 10.0.40219.1
Project("{FAE04EC0-301F-11D3-BF4B-00C04F79EFBC}") = "Osnova", "Osnova.csproj", "{FDAA9C10-B1B6-4F86-B3C6-FD170E7DB67B}"
EndProject
Global
	GlobalSection(SolutionConfigurationPlatforms) = preSolution
		Debug|Any CPU = Debug|Any CPU
		Release|Any CPU = Release|Any CPU
	EndGlobalSection
	GlobalSection(ProjectConfigurationPlatforms) = postSolution
		{FDAA9C10-B1B6-4F86-B3C6-FD170E7DB67B}.Debug|Any CPU.ActiveCfg = Debug|Any CPU
		{FDAA9C10-B1B6-4F86-B3C6-FD170E7DB67B}.Debug|Any CPU.Build.0 = Debug|Any CPU
		{FDAA9C10-B1B6-4F86-B3C6-FD170E7DB67B}.Release|Any CPU.ActiveCfg = Release|Any CPU
		{FDAA9C10-B1B6-4F86-B3C6-FD170E7DB67B}.Release|Any CPU.Build.0 = Release|Any CPU
	EndGlobalSection
	GlobalSection(SolutionProperties) = preSolution
		HideSolutionNode = FALSE
	EndGlobalSection
	GlobalSection(ExtensibilityGlobals) = postSolution
		SolutionGuid = {ECD54942-EE16-4877-984F-2097266ED20A}
	EndGlobalSection
EndGlobal
